{
  "name": "blackyack",
  "version": "1.0.0",
  "lockfileVersion": 1,
  "requires": true,
  "dependencies": {
    "cards": {
      "version": "0.1.1",
      "resolved": "https://registry.npmjs.org/cards/-/cards-0.1.1.tgz",
      "integrity": "sha1-zksSu9NrCegOU5+56PSBywv9TbE=",
      "requires": {
        "rand-utils": "^1.0.0"
      }
    },
    "rand-utils": {
      "version": "1.0.0",
      "resolved": "https://registry.npmjs.org/rand-utils/-/rand-utils-1.0.0.tgz",
      "integrity": "sha1-PTu5IBVmzpFFDNN0oAgOee1oMyg="
    },
    "shuffle-array": {
      "version": "1.0.1",
      "resolved": "https://registry.npmjs.org/shuffle-array/-/shuffle-array-1.0.1.tgz",
      "integrity": "sha1-xP88/nTRb5NzBZIwGyXmV3sSiYs="
    }
  }
}
